
Microsoft Visual Studio Solution File, Format Version 12.00
# Visual Studio Version 16
VisualStudioVersion = 16.0.28803.156
MinimumVisualStudioVersion = 10.0.40219.1
Project("{FAE04EC0-301F-11D3-BF4B-00C04F79EFBC}") = "StopWatch1", "StopWatch1\StopWatch1.csproj", "{E556F2BC-D13D-4E23-BF2C-FCD054EF9ADC}"
EndProject
Global
	GlobalSection(SolutionConfigurationPlatforms) = preSolution
		Debug|Any CPU = Debug|Any CPU
		Release|Any CPU = Release|Any CPU
	EndGlobalSection
	GlobalSection(ProjectConfigurationPlatforms) = postSolution
		{E556F2BC-D13D-4E23-BF2C-FCD054EF9ADC}.Debug|Any CPU.ActiveCfg = Debug|Any CPU
		{E556F2BC-D13D-4E23-BF2C-FCD054EF9ADC}.Debug|Any CPU.Build.0 = Debug|Any CPU
		{E556F2BC-D13D-4E23-BF2C-FCD054EF9ADC}.Release|Any CPU.ActiveCfg = Release|Any CPU
		{E556F2BC-D13D-4E23-BF2C-FCD054EF9ADC}.Release|Any CPU.Build.0 = Release|Any CPU
	EndGlobalSection
	GlobalSection(SolutionProperties) = preSolution
		HideSolutionNode = FALSE
	EndGlobalSection
	GlobalSection(ExtensibilityGlobals) = postSolution
		SolutionGuid = {AECE75A0-EFF1-46B8-8B22-99DC2D1762EF}
	EndGlobalSection
EndGlobal
